
Microsoft Visual Studio Solution File, Format Version 11.00
# Visual C# Express 2010
Project("{FAE04EC0-301F-11D3-BF4B-00C04F79EFBC}") = "MCRunner", "MCRunner\MCRunner\MCRunner.csproj", "{0E849C11-2052-49CE-B270-A1539342F21F}"
EndProject
Project("{96E2B04D-8817-42C6-938A-82C39BA4D311}") = "MCRunnerContent", "MCRunner\MCRunnerContent\MCRunnerContent.contentproj", "{9CB94760-A867-453A-9B08-E7D00723A7B4}"
EndProject
Global
	GlobalSection(SolutionConfigurationPlatforms) = preSolution
		Debug|x86 = Debug|x86
		Release|x86 = Release|x86
	EndGlobalSection
	GlobalSection(ProjectConfigurationPlatforms) = postSolution
		{0E849C11-2052-49CE-B270-A1539342F21F}.Debug|x86.ActiveCfg = Debug|x86
		{0E849C11-2052-49CE-B270-A1539342F21F}.Debug|x86.Build.0 = Debug|x86
		{0E849C11-2052-49CE-B270-A1539342F21F}.Release|x86.ActiveCfg = Release|x86
		{0E849C11-2052-49CE-B270-A1539342F21F}.Release|x86.Build.0 = Release|x86
		{9CB94760-A867-453A-9B08-E7D00723A7B4}.Debug|x86.ActiveCfg = Debug|x86
		{9CB94760-A867-453A-9B08-E7D00723A7B4}.Release|x86.ActiveCfg = Release|x86
	EndGlobalSection
	GlobalSection(SolutionProperties) = preSolution
		HideSolutionNode = FALSE
	EndGlobalSection
EndGlobal
